
Microsoft Visual Studio Solution File, Format Version 12.00
# Visual Studio Version 17
VisualStudioVersion = 17.5.33502.453
MinimumVisualStudioVersion = 10.0.40219.1
Project("{2150E333-8FDC-42A3-9474-1A3956D46DE8}") = "src", "src", "{097FEC7D-FB17-4610-81C1-11A611FAD9F1}"
EndProject
Project("{2150E333-8FDC-42A3-9474-1A3956D46DE8}") = "BlazorSignalRApp", "BlazorSignalRApp", "{8FA269BB-225A-4E78-814D-93F41F2A182B}"
EndProject
Project("{9A19103F-16F7-4668-BE54-9A1E7A4F7556}") = "BlazorSignalRApp.Server", "src\BlazorSignalRApp\Server\BlazorSignalRApp.Server.csproj", "{298374AD-66FF-4396-938A-E60A68BF8E29}"
EndProject
Project("{9A19103F-16F7-4668-BE54-9A1E7A4F7556}") = "BlazorSignalRApp.Shared", "src\BlazorSignalRApp\Shared\BlazorSignalRApp.Shared.csproj", "{A1FA12CD-8ED1-4A7E-9440-AE6C8D8198BC}"
EndProject
Project("{9A19103F-16F7-4668-BE54-9A1E7A4F7556}") = "BlazorSignalRApp.Client", "src\BlazorSignalRApp\Client\BlazorSignalRApp.Client.csproj", "{A37DAB64-0A8B-48BB-ACEB-7717484BB93D}"
EndProject
Project("{2150E333-8FDC-42A3-9474-1A3956D46DE8}") = "tests", "tests", "{FDBF26C7-CAFE-4B2E-AF3D-964A0CAD8FC4}"
EndProject
Project("{9A19103F-16F7-4668-BE54-9A1E7A4F7556}") = "t1", "tests\t1\t1.csproj", "{D6F07CAA-0077-452F-A522-49371A256A2F}"
EndProject
Project("{9A19103F-16F7-4668-BE54-9A1E7A4F7556}") = "t2", "tests\t2\t2.csproj", "{5EA4CC20-0FBA-4B9C-9D0D-9F367B41F135}"
EndProject
Project("{9A19103F-16F7-4668-BE54-9A1E7A4F7556}") = "t3", "tests\t3\t3.csproj", "{270502E7-A143-4DB5-90F1-A256E7CF1B32}"
EndProject
Project("{9A19103F-16F7-4668-BE54-9A1E7A4F7556}") = "t4", "tests\t4\t4.csproj", "{9245C8A4-4059-41E6-8D6D-5CC56E5E1C0F}"
EndProject
Project("{9A19103F-16F7-4668-BE54-9A1E7A4F7556}") = "t5", "tests\t5\t5.csproj", "{04F46C93-D14C-435C-98F6-3D1582567AED}"
EndProject
Project("{2150E333-8FDC-42A3-9474-1A3956D46DE8}") = "Solution Items", "Solution Items", "{5B28599A-0745-4745-9160-63979545E813}"
	ProjectSection(SolutionItems) = preProject
		README.md = README.md
	EndProjectSection
EndProject
Global
	GlobalSection(SolutionConfigurationPlatforms) = preSolution
		Debug|Any CPU = Debug|Any CPU
		Release|Any CPU = Release|Any CPU
	EndGlobalSection
	GlobalSection(ProjectConfigurationPlatforms) = postSolution
		{298374AD-66FF-4396-938A-E60A68BF8E29}.Debug|Any CPU.ActiveCfg = Debug|Any CPU
		{298374AD-66FF-4396-938A-E60A68BF8E29}.Debug|Any CPU.Build.0 = Debug|Any CPU
		{298374AD-66FF-4396-938A-E60A68BF8E29}.Release|Any CPU.ActiveCfg = Release|Any CPU
		{298374AD-66FF-4396-938A-E60A68BF8E29}.Release|Any CPU.Build.0 = Release|Any CPU
		{A1FA12CD-8ED1-4A7E-9440-AE6C8D8198BC}.Debug|Any CPU.ActiveCfg = Debug|Any CPU
		{A1FA12CD-8ED1-4A7E-9440-AE6C8D8198BC}.Debug|Any CPU.Build.0 = Debug|Any CPU
		{A1FA12CD-8ED1-4A7E-9440-AE6C8D8198BC}.Release|Any CPU.ActiveCfg = Release|Any CPU
		{A1FA12CD-8ED1-4A7E-9440-AE6C8D8198BC}.Release|Any CPU.Build.0 = Release|Any CPU
		{A37DAB64-0A8B-48BB-ACEB-7717484BB93D}.Debug|Any CPU.ActiveCfg = Debug|Any CPU
		{A37DAB64-0A8B-48BB-ACEB-7717484BB93D}.Debug|Any CPU.Build.0 = Debug|Any CPU
		{A37DAB64-0A8B-48BB-ACEB-7717484BB93D}.Release|Any CPU.ActiveCfg = Release|Any CPU
		{A37DAB64-0A8B-48BB-ACEB-7717484BB93D}.Release|Any CPU.Build.0 = Release|Any CPU
		{D6F07CAA-0077-452F-A522-49371A256A2F}.Debug|Any CPU.ActiveCfg = Debug|Any CPU
		{D6F07CAA-0077-452F-A522-49371A256A2F}.Debug|Any CPU.Build.0 = Debug|Any CPU
		{D6F07CAA-0077-452F-A522-49371A256A2F}.Release|Any CPU.ActiveCfg = Release|Any CPU
		{D6F07CAA-0077-452F-A522-49371A256A2F}.Release|Any CPU.Build.0 = Release|Any CPU
		{5EA4CC20-0FBA-4B9C-9D0D-9F367B41F135}.Debug|Any CPU.ActiveCfg = Debug|Any CPU
		{5EA4CC20-0FBA-4B9C-9D0D-9F367B41F135}.Debug|Any CPU.Build.0 = Debug|Any CPU
		{5EA4CC20-0FBA-4B9C-9D0D-9F367B41F135}.Release|Any CPU.ActiveCfg = Release|Any CPU
		{5EA4CC20-0FBA-4B9C-9D0D-9F367B41F135}.Release|Any CPU.Build.0 = Release|Any CPU
		{270502E7-A143-4DB5-90F1-A256E7CF1B32}.Debug|Any CPU.ActiveCfg = Debug|Any CPU
		{270502E7-A143-4DB5-90F1-A256E7CF1B32}.Debug|Any CPU.Build.0 = Debug|Any CPU
		{270502E7-A143-4DB5-90F1-A256E7CF1B32}.Release|Any CPU.ActiveCfg = Release|Any CPU
		{270502E7-A143-4DB5-90F1-A256E7CF1B32}.Release|Any CPU.Build.0 = Release|Any CPU
		{9245C8A4-4059-41E6-8D6D-5CC56E5E1C0F}.Debug|Any CPU.ActiveCfg = Debug|Any CPU
		{9245C8A4-4059-41E6-8D6D-5CC56E5E1C0F}.Debug|Any CPU.Build.0 = Debug|Any CPU
		{9245C8A4-4059-41E6-8D6D-5CC56E5E1C0F}.Release|Any CPU.ActiveCfg = Release|Any CPU
		{9245C8A4-4059-41E6-8D6D-5CC56E5E1C0F}.Release|Any CPU.Build.0 = Release|Any CPU
		{04F46C93-D14C-435C-98F6-3D1582567AED}.Debug|Any CPU.ActiveCfg = Debug|Any CPU
		{04F46C93-D14C-435C-98F6-3D1582567AED}.Debug|Any CPU.Build.0 = Debug|Any CPU
		{04F46C93-D14C-435C-98F6-3D1582567AED}.Release|Any CPU.ActiveCfg = Release|Any CPU
		{04F46C93-D14C-435C-98F6-3D1582567AED}.Release|Any CPU.Build.0 = Release|Any CPU
	EndGlobalSection
	GlobalSection(SolutionProperties) = preSolution
		HideSolutionNode = FALSE
	EndGlobalSection
	GlobalSection(NestedProjects) = preSolution
		{8FA269BB-225A-4E78-814D-93F41F2A182B} = {097FEC7D-FB17-4610-81C1-11A611FAD9F1}
		{298374AD-66FF-4396-938A-E60A68BF8E29} = {8FA269BB-225A-4E78-814D-93F41F2A182B}
		{A1FA12CD-8ED1-4A7E-9440-AE6C8D8198BC} = {8FA269BB-225A-4E78-814D-93F41F2A182B}
		{A37DAB64-0A8B-48BB-ACEB-7717484BB93D} = {8FA269BB-225A-4E78-814D-93F41F2A182B}
		{D6F07CAA-0077-452F-A522-49371A256A2F} = {FDBF26C7-CAFE-4B2E-AF3D-964A0CAD8FC4}
		{5EA4CC20-0FBA-4B9C-9D0D-9F367B41F135} = {FDBF26C7-CAFE-4B2E-AF3D-964A0CAD8FC4}
		{270502E7-A143-4DB5-90F1-A256E7CF1B32} = {FDBF26C7-CAFE-4B2E-AF3D-964A0CAD8FC4}
		{9245C8A4-4059-41E6-8D6D-5CC56E5E1C0F} = {FDBF26C7-CAFE-4B2E-AF3D-964A0CAD8FC4}
		{04F46C93-D14C-435C-98F6-3D1582567AED} = {FDBF26C7-CAFE-4B2E-AF3D-964A0CAD8FC4}
	EndGlobalSection
EndGlobal
