
Microsoft Visual Studio Solution File, Format Version 12.00
# Visual Studio Version 17
VisualStudioVersion = 17.0.31903.59
MinimumVisualStudioVersion = 10.0.40219.1
Project("{2150E333-8FDC-42A3-9474-1A3956D46DE8}") = "BlazorSignalRApp", "BlazorSignalRApp", "{9364BA15-520C-4522-B1E1-5990E82B0622}"
EndProject
Project("{FAE04EC0-301F-11D3-BF4B-00C04F79EFBC}") = "BlazorSignalRApp.Server", "BlazorSignalRApp\Server\BlazorSignalRApp.Server.csproj", "{4C8E60BB-953C-4DA5-9057-3A0A149BD96C}"
EndProject
Project("{FAE04EC0-301F-11D3-BF4B-00C04F79EFBC}") = "BlazorSignalRApp.Client", "BlazorSignalRApp\Client\BlazorSignalRApp.Client.csproj", "{17E30501-18B5-4F81-8578-3F5D6CFCFDB2}"
EndProject
Project("{FAE04EC0-301F-11D3-BF4B-00C04F79EFBC}") = "BlazorSignalRApp.Shared", "BlazorSignalRApp\Shared\BlazorSignalRApp.Shared.csproj", "{AF0BBADA-E38F-4933-B62D-8C315E1AF743}"
EndProject
Global
	GlobalSection(SolutionConfigurationPlatforms) = preSolution
		Debug|Any CPU = Debug|Any CPU
		Release|Any CPU = Release|Any CPU
	EndGlobalSection
	GlobalSection(SolutionProperties) = preSolution
		HideSolutionNode = FALSE
	EndGlobalSection
	GlobalSection(ProjectConfigurationPlatforms) = postSolution
		{4C8E60BB-953C-4DA5-9057-3A0A149BD96C}.Debug|Any CPU.ActiveCfg = Debug|Any CPU
		{4C8E60BB-953C-4DA5-9057-3A0A149BD96C}.Debug|Any CPU.Build.0 = Debug|Any CPU
		{4C8E60BB-953C-4DA5-9057-3A0A149BD96C}.Release|Any CPU.ActiveCfg = Release|Any CPU
		{4C8E60BB-953C-4DA5-9057-3A0A149BD96C}.Release|Any CPU.Build.0 = Release|Any CPU
		{17E30501-18B5-4F81-8578-3F5D6CFCFDB2}.Debug|Any CPU.ActiveCfg = Debug|Any CPU
		{17E30501-18B5-4F81-8578-3F5D6CFCFDB2}.Debug|Any CPU.Build.0 = Debug|Any CPU
		{17E30501-18B5-4F81-8578-3F5D6CFCFDB2}.Release|Any CPU.ActiveCfg = Release|Any CPU
		{17E30501-18B5-4F81-8578-3F5D6CFCFDB2}.Release|Any CPU.Build.0 = Release|Any CPU
		{AF0BBADA-E38F-4933-B62D-8C315E1AF743}.Debug|Any CPU.ActiveCfg = Debug|Any CPU
		{AF0BBADA-E38F-4933-B62D-8C315E1AF743}.Debug|Any CPU.Build.0 = Debug|Any CPU
		{AF0BBADA-E38F-4933-B62D-8C315E1AF743}.Release|Any CPU.ActiveCfg = Release|Any CPU
		{AF0BBADA-E38F-4933-B62D-8C315E1AF743}.Release|Any CPU.Build.0 = Release|Any CPU
	EndGlobalSection
	GlobalSection(NestedProjects) = preSolution
		{4C8E60BB-953C-4DA5-9057-3A0A149BD96C} = {9364BA15-520C-4522-B1E1-5990E82B0622}
		{17E30501-18B5-4F81-8578-3F5D6CFCFDB2} = {9364BA15-520C-4522-B1E1-5990E82B0622}
		{AF0BBADA-E38F-4933-B62D-8C315E1AF743} = {9364BA15-520C-4522-B1E1-5990E82B0622}
	EndGlobalSection
EndGlobal
